
Microsoft Visual Studio Solution File, Format Version 12.00
# Visual Studio Version 17
VisualStudioVersion = 17.10.34928.147
MinimumVisualStudioVersion = 10.0.40219.1
Project("{FAE04EC0-301F-11D3-BF4B-00C04F79EFBC}") = "Static FilesExample", "Static FilesExample\Static FilesExample.csproj", "{306A760E-947C-4AB7-9CDB-3C80C441F7AD}"
EndProject
Global
	GlobalSection(SolutionConfigurationPlatforms) = preSolution
		Debug|Any CPU = Debug|Any CPU
		Release|Any CPU = Release|Any CPU
	EndGlobalSection
	GlobalSection(ProjectConfigurationPlatforms) = postSolution
		{306A760E-947C-4AB7-9CDB-3C80C441F7AD}.Debug|Any CPU.ActiveCfg = Debug|Any CPU
		{306A760E-947C-4AB7-9CDB-3C80C441F7AD}.Debug|Any CPU.Build.0 = Debug|Any CPU
		{306A760E-947C-4AB7-9CDB-3C80C441F7AD}.Release|Any CPU.ActiveCfg = Release|Any CPU
		{306A760E-947C-4AB7-9CDB-3C80C441F7AD}.Release|Any CPU.Build.0 = Release|Any CPU
	EndGlobalSection
	GlobalSection(SolutionProperties) = preSolution
		HideSolutionNode = FALSE
	EndGlobalSection
	GlobalSection(ExtensibilityGlobals) = postSolution
		SolutionGuid = {197800F4-FDE7-43D9-BE37-194D55F7F2D6}
	EndGlobalSection
EndGlobal
